{
  "version": "3",
  "packages": {
    "specifiers": {
      "jsr:@luca/esbuild-deno-loader": "jsr:@luca/esbuild-deno-loader@0.10.3",
      "jsr:@luca/esbuild-deno-loader@^0.10.3": "jsr:@luca/esbuild-deno-loader@0.10.3",
      "jsr:@std/assert": "jsr:@std/assert@0.226.0",
      "jsr:@std/assert@^0.213.1": "jsr:@std/assert@0.213.1",
      "jsr:@std/assert@^0.226.0": "jsr:@std/assert@0.226.0",
      "jsr:@std/encoding@0.213": "jsr:@std/encoding@0.213.1",
      "jsr:@std/fs": "jsr:@std/fs@0.229.3",
      "jsr:@std/internal@^1.0.0": "jsr:@std/internal@1.0.0",
      "jsr:@std/json@^0.213.1": "jsr:@std/json@0.213.1",
      "jsr:@std/jsonc@0.213": "jsr:@std/jsonc@0.213.1",
      "jsr:@std/media-types": "jsr:@std/media-types@1.0.0",
      "jsr:@std/path": "jsr:@std/path@0.225.2",
      "jsr:@std/path@0.213": "jsr:@std/path@0.213.1",
      "jsr:@std/path@1.0.0-rc.1": "jsr:@std/path@1.0.0-rc.1",
      "npm:esbuild": "npm:esbuild@0.21.5"
    },
    "jsr": {
      "@luca/esbuild-deno-loader@0.10.3": {
        "dependencies": [
          "jsr:@std/encoding@0.213",
          "jsr:@std/jsonc@0.213",
          "jsr:@std/path@0.213"
        ]
      },
      "@std/assert@0.213.1": {},
      "@std/assert@0.226.0": {
        "dependencies": [
          "jsr:@std/internal@^1.0.0"
        ]
      },
      "@std/encoding@0.213.1": {},
      "@std/fs@0.229.3": {
        "dependencies": [
          "jsr:@std/path@1.0.0-rc.1"
        ]
      },
      "@std/internal@1.0.0": {},
      "@std/json@0.213.1": {},
      "@std/jsonc@0.213.1": {
        "dependencies": [
          "jsr:@std/assert@^0.213.1",
          "jsr:@std/json@^0.213.1"
        ]
      },
      "@std/media-types@1.0.0": {},
      "@std/path@0.213.1": {
        "dependencies": [
          "jsr:@std/assert@^0.213.1"
        ]
      },
      "@std/path@0.225.2": {
        "dependencies": [
          "jsr:@std/assert@^0.226.0"
        ]
      },
      "@std/path@1.0.0-rc.1": {}
    },
    "npm": {
      "@esbuild/aix-ppc64@0.21.5": {
        "integrity": "sha512-1SDgH6ZSPTlggy1yI6+Dbkiz8xzpHJEVAlF/AM1tHPLsf5STom9rwtjE4hKAF20FfXXNTFqEYXyJNWh1GiZedQ==",
        "dependencies": {}
      },
      "@esbuild/android-arm64@0.19.9": {
        "integrity": "sha512-q4cR+6ZD0938R19MyEW3jEsMzbb/1rulLXiNAJQADD/XYp7pT+rOS5JGxvpRW8dFDEfjW4wLgC/3FXIw4zYglQ==",
        "dependencies": {}
      },
      "@esbuild/android-arm64@0.21.5": {
        "integrity": "sha512-c0uX9VAUBQ7dTDCjq+wdyGLowMdtR/GoC2U5IYk/7D1H1JYC0qseD7+11iMP2mRLN9RcCMRcjC4YMclCzGwS/A==",
        "dependencies": {}
      },
      "@esbuild/android-arm@0.19.9": {
        "integrity": "sha512-jkYjjq7SdsWuNI6b5quymW0oC83NN5FdRPuCbs9HZ02mfVdAP8B8eeqLSYU3gb6OJEaY5CQabtTFbqBf26H3GA==",
        "dependencies": {}
      },
      "@esbuild/android-arm@0.21.5": {
        "integrity": "sha512-vCPvzSjpPHEi1siZdlvAlsPxXl7WbOVUBBAowWug4rJHb68Ox8KualB+1ocNvT5fjv6wpkX6o/iEpbDrf68zcg==",
        "dependencies": {}
      },
      "@esbuild/android-x64@0.19.9": {
        "integrity": "sha512-KOqoPntWAH6ZxDwx1D6mRntIgZh9KodzgNOy5Ebt9ghzffOk9X2c1sPwtM9P+0eXbefnDhqYfkh5PLP5ULtWFA==",
        "dependencies": {}
      },
      "@esbuild/android-x64@0.21.5": {
        "integrity": "sha512-D7aPRUUNHRBwHxzxRvp856rjUHRFW1SdQATKXH2hqA0kAZb1hKmi02OpYRacl0TxIGz/ZmXWlbZgjwWYaCakTA==",
        "dependencies": {}
      },
      "@esbuild/darwin-arm64@0.19.9": {
        "integrity": "sha512-KBJ9S0AFyLVx2E5D8W0vExqRW01WqRtczUZ8NRu+Pi+87opZn5tL4Y0xT0mA4FtHctd0ZgwNoN639fUUGlNIWw==",
        "dependencies": {}
      },
      "@esbuild/darwin-arm64@0.21.5": {
        "integrity": "sha512-DwqXqZyuk5AiWWf3UfLiRDJ5EDd49zg6O9wclZ7kUMv2WRFr4HKjXp/5t8JZ11QbQfUS6/cRCKGwYhtNAY88kQ==",
        "dependencies": {}
      },
      "@esbuild/darwin-x64@0.19.9": {
        "integrity": "sha512-vE0VotmNTQaTdX0Q9dOHmMTao6ObjyPm58CHZr1UK7qpNleQyxlFlNCaHsHx6Uqv86VgPmR4o2wdNq3dP1qyDQ==",
        "dependencies": {}
      },
      "@esbuild/darwin-x64@0.21.5": {
        "integrity": "sha512-se/JjF8NlmKVG4kNIuyWMV/22ZaerB+qaSi5MdrXtd6R08kvs2qCN4C09miupktDitvh8jRFflwGFBQcxZRjbw==",
        "dependencies": {}
      },
      "@esbuild/freebsd-arm64@0.19.9": {
        "integrity": "sha512-uFQyd/o1IjiEk3rUHSwUKkqZwqdvuD8GevWF065eqgYfexcVkxh+IJgwTaGZVu59XczZGcN/YMh9uF1fWD8j1g==",
        "dependencies": {}
      },
      "@esbuild/freebsd-arm64@0.21.5": {
        "integrity": "sha512-5JcRxxRDUJLX8JXp/wcBCy3pENnCgBR9bN6JsY4OmhfUtIHe3ZW0mawA7+RDAcMLrMIZaf03NlQiX9DGyB8h4g==",
        "dependencies": {}
      },
      "@esbuild/freebsd-x64@0.19.9": {
        "integrity": "sha512-WMLgWAtkdTbTu1AWacY7uoj/YtHthgqrqhf1OaEWnZb7PQgpt8eaA/F3LkV0E6K/Lc0cUr/uaVP/49iE4M4asA==",
        "dependencies": {}
      },
      "@esbuild/freebsd-x64@0.21.5": {
        "integrity": "sha512-J95kNBj1zkbMXtHVH29bBriQygMXqoVQOQYA+ISs0/2l3T9/kj42ow2mpqerRBxDJnmkUDCaQT/dfNXWX/ZZCQ==",
        "dependencies": {}
      },
      "@esbuild/linux-arm64@0.19.9": {
        "integrity": "sha512-PiPblfe1BjK7WDAKR1Cr9O7VVPqVNpwFcPWgfn4xu0eMemzRp442hXyzF/fSwgrufI66FpHOEJk0yYdPInsmyQ==",
        "dependencies": {}
      },
      "@esbuild/linux-arm64@0.21.5": {
        "integrity": "sha512-ibKvmyYzKsBeX8d8I7MH/TMfWDXBF3db4qM6sy+7re0YXya+K1cem3on9XgdT2EQGMu4hQyZhan7TeQ8XkGp4Q==",
        "dependencies": {}
      },
      "@esbuild/linux-arm@0.19.9": {
        "integrity": "sha512-C/ChPohUYoyUaqn1h17m/6yt6OB14hbXvT8EgM1ZWaiiTYz7nWZR0SYmMnB5BzQA4GXl3BgBO1l8MYqL/He3qw==",
        "dependencies": {}
      },
      "@esbuild/linux-arm@0.21.5": {
        "integrity": "sha512-bPb5AHZtbeNGjCKVZ9UGqGwo8EUu4cLq68E95A53KlxAPRmUyYv2D6F0uUI65XisGOL1hBP5mTronbgo+0bFcA==",
        "dependencies": {}
      },
      "@esbuild/linux-ia32@0.19.9": {
        "integrity": "sha512-f37i/0zE0MjDxijkPSQw1CO/7C27Eojqb+r3BbHVxMLkj8GCa78TrBZzvPyA/FNLUMzP3eyHCVkAopkKVja+6Q==",
        "dependencies": {}
      },
      "@esbuild/linux-ia32@0.21.5": {
        "integrity": "sha512-YvjXDqLRqPDl2dvRODYmmhz4rPeVKYvppfGYKSNGdyZkA01046pLWyRKKI3ax8fbJoK5QbxblURkwK/MWY18Tg==",
        "dependencies": {}
      },
      "@esbuild/linux-loong64@0.19.9": {
        "integrity": "sha512-t6mN147pUIf3t6wUt3FeumoOTPfmv9Cc6DQlsVBpB7eCpLOqQDyWBP1ymXn1lDw4fNUSb/gBcKAmvTP49oIkaA==",
        "dependencies": {}
      },
      "@esbuild/linux-loong64@0.21.5": {
        "integrity": "sha512-uHf1BmMG8qEvzdrzAqg2SIG/02+4/DHB6a9Kbya0XDvwDEKCoC8ZRWI5JJvNdUjtciBGFQ5PuBlpEOXQj+JQSg==",
        "dependencies": {}
      },
      "@esbuild/linux-mips64el@0.19.9": {
        "integrity": "sha512-jg9fujJTNTQBuDXdmAg1eeJUL4Jds7BklOTkkH80ZgQIoCTdQrDaHYgbFZyeTq8zbY+axgptncko3v9p5hLZtw==",
        "dependencies": {}
      },
      "@esbuild/linux-mips64el@0.21.5": {
        "integrity": "sha512-IajOmO+KJK23bj52dFSNCMsz1QP1DqM6cwLUv3W1QwyxkyIWecfafnI555fvSGqEKwjMXVLokcV5ygHW5b3Jbg==",
        "dependencies": {}
      },
      "@esbuild/linux-ppc64@0.19.9": {
        "integrity": "sha512-tkV0xUX0pUUgY4ha7z5BbDS85uI7ABw3V1d0RNTii7E9lbmV8Z37Pup2tsLV46SQWzjOeyDi1Q7Wx2+QM8WaCQ==",
        "dependencies": {}
      },
      "@esbuild/linux-ppc64@0.21.5": {
        "integrity": "sha512-1hHV/Z4OEfMwpLO8rp7CvlhBDnjsC3CttJXIhBi+5Aj5r+MBvy4egg7wCbe//hSsT+RvDAG7s81tAvpL2XAE4w==",
        "dependencies": {}
      },
      "@esbuild/linux-riscv64@0.19.9": {
        "integrity": "sha512-DfLp8dj91cufgPZDXr9p3FoR++m3ZJ6uIXsXrIvJdOjXVREtXuQCjfMfvmc3LScAVmLjcfloyVtpn43D56JFHg==",
        "dependencies": {}
      },
      "@esbuild/linux-riscv64@0.21.5": {
        "integrity": "sha512-2HdXDMd9GMgTGrPWnJzP2ALSokE/0O5HhTUvWIbD3YdjME8JwvSCnNGBnTThKGEB91OZhzrJ4qIIxk/SBmyDDA==",
        "dependencies": {}
      },
      "@esbuild/linux-s390x@0.19.9": {
        "integrity": "sha512-zHbglfEdC88KMgCWpOl/zc6dDYJvWGLiUtmPRsr1OgCViu3z5GncvNVdf+6/56O2Ca8jUU+t1BW261V6kp8qdw==",
        "dependencies": {}
      },
      "@esbuild/linux-s390x@0.21.5": {
        "integrity": "sha512-zus5sxzqBJD3eXxwvjN1yQkRepANgxE9lgOW2qLnmr8ikMTphkjgXu1HR01K4FJg8h1kEEDAqDcZQtbrRnB41A==",
        "dependencies": {}
      },
      "@esbuild/linux-x64@0.19.9": {
        "integrity": "sha512-JUjpystGFFmNrEHQnIVG8hKwvA2DN5o7RqiO1CVX8EN/F/gkCjkUMgVn6hzScpwnJtl2mPR6I9XV1oW8k9O+0A==",
        "dependencies": {}
      },
      "@esbuild/linux-x64@0.21.5": {
        "integrity": "sha512-1rYdTpyv03iycF1+BhzrzQJCdOuAOtaqHTWJZCWvijKD2N5Xu0TtVC8/+1faWqcP9iBCWOmjmhoH94dH82BxPQ==",
        "dependencies": {}
      },
      "@esbuild/netbsd-x64@0.19.9": {
        "integrity": "sha512-GThgZPAwOBOsheA2RUlW5UeroRfESwMq/guy8uEe3wJlAOjpOXuSevLRd70NZ37ZrpO6RHGHgEHvPg1h3S1Jug==",
        "dependencies": {}
      },
      "@esbuild/netbsd-x64@0.21.5": {
        "integrity": "sha512-Woi2MXzXjMULccIwMnLciyZH4nCIMpWQAs049KEeMvOcNADVxo0UBIQPfSmxB3CWKedngg7sWZdLvLczpe0tLg==",
        "dependencies": {}
      },
      "@esbuild/openbsd-x64@0.19.9": {
        "integrity": "sha512-Ki6PlzppaFVbLnD8PtlVQfsYw4S9n3eQl87cqgeIw+O3sRr9IghpfSKY62mggdt1yCSZ8QWvTZ9jo9fjDSg9uw==",
        "dependencies": {}
      },
      "@esbuild/openbsd-x64@0.21.5": {
        "integrity": "sha512-HLNNw99xsvx12lFBUwoT8EVCsSvRNDVxNpjZ7bPn947b8gJPzeHWyNVhFsaerc0n3TsbOINvRP2byTZ5LKezow==",
        "dependencies": {}
      },
      "@esbuild/sunos-x64@0.19.9": {
        "integrity": "sha512-MLHj7k9hWh4y1ddkBpvRj2b9NCBhfgBt3VpWbHQnXRedVun/hC7sIyTGDGTfsGuXo4ebik2+3ShjcPbhtFwWDw==",
        "dependencies": {}
      },
      "@esbuild/sunos-x64@0.21.5": {
        "integrity": "sha512-6+gjmFpfy0BHU5Tpptkuh8+uw3mnrvgs+dSPQXQOv3ekbordwnzTVEb4qnIvQcYXq6gzkyTnoZ9dZG+D4garKg==",
        "dependencies": {}
      },
      "@esbuild/win32-arm64@0.19.9": {
        "integrity": "sha512-GQoa6OrQ8G08guMFgeXPH7yE/8Dt0IfOGWJSfSH4uafwdC7rWwrfE6P9N8AtPGIjUzdo2+7bN8Xo3qC578olhg==",
        "dependencies": {}
      },
      "@esbuild/win32-arm64@0.21.5": {
        "integrity": "sha512-Z0gOTd75VvXqyq7nsl93zwahcTROgqvuAcYDUr+vOv8uHhNSKROyU961kgtCD1e95IqPKSQKH7tBTslnS3tA8A==",
        "dependencies": {}
      },
      "@esbuild/win32-ia32@0.19.9": {
        "integrity": "sha512-UOozV7Ntykvr5tSOlGCrqU3NBr3d8JqPes0QWN2WOXfvkWVGRajC+Ym0/Wj88fUgecUCLDdJPDF0Nna2UK3Qtg==",
        "dependencies": {}
      },
      "@esbuild/win32-ia32@0.21.5": {
        "integrity": "sha512-SWXFF1CL2RVNMaVs+BBClwtfZSvDgtL//G/smwAc5oVK/UPu2Gu9tIaRgFmYFFKrmg3SyAjSrElf0TiJ1v8fYA==",
        "dependencies": {}
      },
      "@esbuild/win32-x64@0.19.9": {
        "integrity": "sha512-oxoQgglOP7RH6iasDrhY+R/3cHrfwIDvRlT4CGChflq6twk8iENeVvMJjmvBb94Ik1Z+93iGO27err7w6l54GQ==",
        "dependencies": {}
      },
      "@esbuild/win32-x64@0.21.5": {
        "integrity": "sha512-tQd/1efJuzPC6rCFwEvLtci/xNFcTZknmXs98FYDfGE4wP9ClFV98nyKrzJKVPMhdDnjzLhdUyMX4PsQAPjwIw==",
        "dependencies": {}
      },
      "esbuild@0.19.9": {
        "integrity": "sha512-U9CHtKSy+EpPsEBa+/A2gMs/h3ylBC0H0KSqIg7tpztHerLi6nrrcoUJAkNCEPumx8yJ+Byic4BVwHgRbN0TBg==",
        "dependencies": {
          "@esbuild/android-arm": "@esbuild/android-arm@0.19.9",
          "@esbuild/android-arm64": "@esbuild/android-arm64@0.19.9",
          "@esbuild/android-x64": "@esbuild/android-x64@0.19.9",
          "@esbuild/darwin-arm64": "@esbuild/darwin-arm64@0.19.9",
          "@esbuild/darwin-x64": "@esbuild/darwin-x64@0.19.9",
          "@esbuild/freebsd-arm64": "@esbuild/freebsd-arm64@0.19.9",
          "@esbuild/freebsd-x64": "@esbuild/freebsd-x64@0.19.9",
          "@esbuild/linux-arm": "@esbuild/linux-arm@0.19.9",
          "@esbuild/linux-arm64": "@esbuild/linux-arm64@0.19.9",
          "@esbuild/linux-ia32": "@esbuild/linux-ia32@0.19.9",
          "@esbuild/linux-loong64": "@esbuild/linux-loong64@0.19.9",
          "@esbuild/linux-mips64el": "@esbuild/linux-mips64el@0.19.9",
          "@esbuild/linux-ppc64": "@esbuild/linux-ppc64@0.19.9",
          "@esbuild/linux-riscv64": "@esbuild/linux-riscv64@0.19.9",
          "@esbuild/linux-s390x": "@esbuild/linux-s390x@0.19.9",
          "@esbuild/linux-x64": "@esbuild/linux-x64@0.19.9",
          "@esbuild/netbsd-x64": "@esbuild/netbsd-x64@0.19.9",
          "@esbuild/openbsd-x64": "@esbuild/openbsd-x64@0.19.9",
          "@esbuild/sunos-x64": "@esbuild/sunos-x64@0.19.9",
          "@esbuild/win32-arm64": "@esbuild/win32-arm64@0.19.9",
          "@esbuild/win32-ia32": "@esbuild/win32-ia32@0.19.9",
          "@esbuild/win32-x64": "@esbuild/win32-x64@0.19.9"
        }
      },
      "esbuild@0.21.5": {
        "integrity": "sha512-mg3OPMV4hXywwpoDxu3Qda5xCKQi+vCTZq8S9J/EpkhB2HzKXq4SNFZE3+NK93JYxc8VMSep+lOUSC/RVKaBqw==",
        "dependencies": {
          "@esbuild/aix-ppc64": "@esbuild/aix-ppc64@0.21.5",
          "@esbuild/android-arm": "@esbuild/android-arm@0.21.5",
          "@esbuild/android-arm64": "@esbuild/android-arm64@0.21.5",
          "@esbuild/android-x64": "@esbuild/android-x64@0.21.5",
          "@esbuild/darwin-arm64": "@esbuild/darwin-arm64@0.21.5",
          "@esbuild/darwin-x64": "@esbuild/darwin-x64@0.21.5",
          "@esbuild/freebsd-arm64": "@esbuild/freebsd-arm64@0.21.5",
          "@esbuild/freebsd-x64": "@esbuild/freebsd-x64@0.21.5",
          "@esbuild/linux-arm": "@esbuild/linux-arm@0.21.5",
          "@esbuild/linux-arm64": "@esbuild/linux-arm64@0.21.5",
          "@esbuild/linux-ia32": "@esbuild/linux-ia32@0.21.5",
          "@esbuild/linux-loong64": "@esbuild/linux-loong64@0.21.5",
          "@esbuild/linux-mips64el": "@esbuild/linux-mips64el@0.21.5",
          "@esbuild/linux-ppc64": "@esbuild/linux-ppc64@0.21.5",
          "@esbuild/linux-riscv64": "@esbuild/linux-riscv64@0.21.5",
          "@esbuild/linux-s390x": "@esbuild/linux-s390x@0.21.5",
          "@esbuild/linux-x64": "@esbuild/linux-x64@0.21.5",
          "@esbuild/netbsd-x64": "@esbuild/netbsd-x64@0.21.5",
          "@esbuild/openbsd-x64": "@esbuild/openbsd-x64@0.21.5",
          "@esbuild/sunos-x64": "@esbuild/sunos-x64@0.21.5",
          "@esbuild/win32-arm64": "@esbuild/win32-arm64@0.21.5",
          "@esbuild/win32-ia32": "@esbuild/win32-ia32@0.21.5",
          "@esbuild/win32-x64": "@esbuild/win32-x64@0.21.5"
        }
      }
    }
  },
  "remote": {
    "https://jsr.io/@luca/esbuild-deno-loader/0.10.3/mod.ts": "b5d68dd84bf847c37e03ade24369074c020fb1656e63bd2c31b1377f753bf7f7",
    "https://jsr.io/@luca/esbuild-deno-loader/0.10.3/src/deno.ts": "c1a76125f12a03b993350e63fe5ffce1456d6fea2cd31306a9d9d04cc93825ec",
    "https://jsr.io/@luca/esbuild-deno-loader/0.10.3/src/esbuild_types.ts": "bec55091176c4f690755c2186714eca151a1febb949d3d901d9a3a2682eababe",
    "https://jsr.io/@luca/esbuild-deno-loader/0.10.3/src/loader_native.ts": "88d0cc15c8c66a8549e8ed26e324d9fc4dec3bb4c4e138ed92dcb6ce565fbd41",
    "https://jsr.io/@luca/esbuild-deno-loader/0.10.3/src/loader_portable.ts": "4fb83416c142373d5d396b49794062fd16d30b95d88b38e0445e44353872acd1",
    "https://jsr.io/@luca/esbuild-deno-loader/0.10.3/src/plugin_deno_loader.ts": "a47e96369a5f99304d3a71165eafcae3d5ca40abde614cebe086f069cf8e9e67",
    "https://jsr.io/@luca/esbuild-deno-loader/0.10.3/src/plugin_deno_resolver.ts": "6a1045f90a6a70c7a1f4e591adad616596c58fd36a4b1d0cc968de3b34185b2b",
    "https://jsr.io/@luca/esbuild-deno-loader/0.10.3/src/shared.ts": "bb905200d44a01c6a7686c1c54ce1eb3260878aa888b69ea3b845d05e18e62ef",
    "https://jsr.io/@luca/esbuild-deno-loader/0.10.3/vendor/x/importmap/_util.ts": "ada9a9618b537e6c0316c048a898352396c882b9f2de38aba18fd3f2950ede89",
    "https://jsr.io/@luca/esbuild-deno-loader/0.10.3/vendor/x/importmap/mod.ts": "4f2a72b330a0190895393eb05666a75e3f90ed3fce51c5bfd04fb1721ec49ba2",
    "https://jsr.io/@std/assert/0.213.1/assert.ts": "501b416473ec27c71885aaf819e363c8df617f89ce68ae57fec7acf9d62743b2",
    "https://jsr.io/@std/assert/0.213.1/assertion_error.ts": "dd027fb33707dbff22cd2ef9b55fdb70e2095876caf3c68ecfbb811505ecc022",
    "https://jsr.io/@std/assert/0.226.0/assert.ts": "9b551149e629b4347a6e840aa2cfadac64b1a575ae0acb7d05835ad6b50ce7cb",
    "https://jsr.io/@std/assert/0.226.0/assert_almost_equals.ts": "d1935d59ba9ac8066ce50d1e38cea3869ab9a0e0b086b748f92c6c2281ebe7c1",
    "https://jsr.io/@std/assert/0.226.0/assert_array_includes.ts": "425032795627129cb51e739664bffa888c5f18b9eee9a9d7fb1b8efa37875769",
    "https://jsr.io/@std/assert/0.226.0/assert_equals.ts": "094d99cfc2f3d572c7fa57ff9d16f431e3a5984de997d81b03e0bdb12989dc47",
    "https://jsr.io/@std/assert/0.226.0/assert_exists.ts": "f65b5caf456aa0011ff5a609baf59f6c634be82f0b19aa2da559c8e97367380d",
    "https://jsr.io/@std/assert/0.226.0/assert_false.ts": "8e8aa92940d11423d659d4c77468a4da9ebe28ae7fd91e2d3937401ab2cc0067",
    "https://jsr.io/@std/assert/0.226.0/assert_greater.ts": "50c7fd53b59668e187a30ee45ff27be84c3834b8fd595fc7b6ce7725f2299153",
    "https://jsr.io/@std/assert/0.226.0/assert_greater_or_equal.ts": "71e04bf609e78deeca400ada80e459f5d94e9953adce18e9c113963ef2917889",
    "https://jsr.io/@std/assert/0.226.0/assert_instance_of.ts": "5dca7e5cd30e7fcd58502fdfe2e8942697382803a18f354f0cd1671bbb40a606",
    "https://jsr.io/@std/assert/0.226.0/assert_is_error.ts": "d199826487bfb6799cafdb38eea56a1cfdc0484e97a927020a74d1a9a90551a7",
    "https://jsr.io/@std/assert/0.226.0/assert_less.ts": "45318a61f2556cd66f90c626026be36bde2b78236f81c216c7993d1ab5847ff5",
    "https://jsr.io/@std/assert/0.226.0/assert_less_or_equal.ts": "3adeaaac0f7b0c40af2db99707222afd04d817659eebfbf4575f21c21944489b",
    "https://jsr.io/@std/assert/0.226.0/assert_match.ts": "b70016d1651f0e9951305dc23445d92f56e4cb46b9e9d1437e41a411f26f90d5",
    "https://jsr.io/@std/assert/0.226.0/assert_not_equals.ts": "e26a038ecd1f445dc86147bb8e7343851b5647c62561018d3640d3b6660a07c0",
    "https://jsr.io/@std/assert/0.226.0/assert_not_instance_of.ts": "863f07583d5c0b73719ce0563d4c4ea5919709b5932e1848182713e9247819c9",
    "https://jsr.io/@std/assert/0.226.0/assert_not_match.ts": "94e5786a9d6759ab64a28120cfe326545210bad65d726f2eecbda23db5888233",
    "https://jsr.io/@std/assert/0.226.0/assert_not_strict_equals.ts": "d5b779980eab55cc0d0f40882b1cb149c324b9d884b59fdb9219ddc10845c3fc",
    "https://jsr.io/@std/assert/0.226.0/assert_object_match.ts": "dd84693a8203ba7190757da8cedf22a1b224f66193440d516062a831605d8b5f",
    "https://jsr.io/@std/assert/0.226.0/assert_rejects.ts": "3e3297162b182424f8be500d2835084cc9b5a38d2cad850f6bcb0dbce01a6586",
    "https://jsr.io/@std/assert/0.226.0/assert_strict_equals.ts": "67c840ffd893e32a79ddcc1350312405c22c611ecd723f9ed8d580f0b8d68aa1",
    "https://jsr.io/@std/assert/0.226.0/assert_string_includes.ts": "10bc4d4bfbdad4179901d07e5f5e7809a5c711e9f4364a0c60ccf138652b08a1",
    "https://jsr.io/@std/assert/0.226.0/assert_throws.ts": "60f0a89e6e0b2da32e143a6c878b0bbadb8744b1e37280112f4b8bcbf6bca433",
    "https://jsr.io/@std/assert/0.226.0/assertion_error.ts": "0a01f3921b5736266da509abe534d9e70fcd0dcbcb364214d80cb6dd842f50f7",
    "https://jsr.io/@std/assert/0.226.0/equal.ts": "d30532c55e94c358d7f8aed83decf4bd22865140ba2d5444425f85daea5d030e",
    "https://jsr.io/@std/assert/0.226.0/fail.ts": "5b5e703bc9fdac61090ff77542dcb24fbdd1082204c68d54b77e3aca2d55deb0",
    "https://jsr.io/@std/assert/0.226.0/mod.ts": "34e8ea5b5d2d7df9d4edf76227d936581526a51952938544c92cf6c167a15b4e",
    "https://jsr.io/@std/assert/0.226.0/unimplemented.ts": "048333009c0c17633caace970be8bc3c66d6186ef3c55c8b740828a8fb5751e3",
    "https://jsr.io/@std/assert/0.226.0/unreachable.ts": "af538e70885af71483890e9514ad3f320720cf902e4e71037bd3b1bbcb1fa174",
    "https://jsr.io/@std/encoding/0.213.1/_util.ts": "beacef316c1255da9bc8e95afb1fa56ed69baef919c88dc06ae6cb7a6103d376",
    "https://jsr.io/@std/encoding/0.213.1/base32.ts": "f72c06eb2d1c1b1bde48c5e42d5b6f739e37cea48df5587d0fa0fe1a57cfeaca",
    "https://jsr.io/@std/fs/0.229.3/_create_walk_entry.ts": "b22b4cc51ebd2d9f1ed6dbe8d6f37d328f86f008c65e3aab2868a8a882e33ac8",
    "https://jsr.io/@std/fs/0.229.3/_get_file_info_type.ts": "d544c7911475dd618ee84d58f19ed1b0b322c060b1d9f0c913e3c9c034bfc208",
    "https://jsr.io/@std/fs/0.229.3/_is_same_path.ts": "5bc94ef992ddaf067b7e267fe070598e8dcafed09c9dd5be6d45c20b59fbf81b",
    "https://jsr.io/@std/fs/0.229.3/_is_subdir.ts": "5032ea854f2777ed3c45336392d09f26f1ed7edd1fa628c03f31754bb99fb353",
    "https://jsr.io/@std/fs/0.229.3/_to_path_string.ts": "ef447fe14412df9d34e15275f32eea4a7da2947b7ca43d8b4dbc81f4cb91615b",
    "https://jsr.io/@std/fs/0.229.3/copy.ts": "e29a2c2674ede0381d6a5a4b12ef9c33ce2a3aca8766199ae81366dc46a731a8",
    "https://jsr.io/@std/fs/0.229.3/empty_dir.ts": "dea2edf81c0248e5771d08ffba44152cea03d331f5fb3c95059ac94439da4ba5",
    "https://jsr.io/@std/fs/0.229.3/ensure_dir.ts": "8f8dfeee1e4a6b37578470c80bc32ddf8cae595e1208b7e78d072be8e221e5a0",
    "https://jsr.io/@std/fs/0.229.3/ensure_file.ts": "115963bb1ce43e562fb11ea3724d1997149532029a3c574600b38289b6e8d735",
    "https://jsr.io/@std/fs/0.229.3/ensure_link.ts": "1aacdc88040f39cf0fae29988b9d9b2b160dcc8841cc6a9102787c9cc1046c01",
    "https://jsr.io/@std/fs/0.229.3/ensure_symlink.ts": "c2a89327c58f7cb8cd30505160e74d76b9dbcae872c4222dd5b775eb974e29b9",
    "https://jsr.io/@std/fs/0.229.3/eol.ts": "7da4207c40f432360a2283378322e9e34dabd3159ac3815c73b287cf973e3ab6",
    "https://jsr.io/@std/fs/0.229.3/exists.ts": "c75335461c379d37fda9a66d937b2d56e4ed29871f3575b36348c3c3db3c8f54",
    "https://jsr.io/@std/fs/0.229.3/expand_glob.ts": "b606254bcf584b864ed5ce0db24e9cd6a74b8abe662a7e6565f68bc2190469e9",
    "https://jsr.io/@std/fs/0.229.3/mod.ts": "3e2db7912cf877b5aa77fcebb325d621a5b3b0f70a788cd8791647ba9623c87d",
    "https://jsr.io/@std/fs/0.229.3/move.ts": "dcf89a86c0a2251d7cae357e738e652ad1f91fb2d4986476b0b10a74cd3ae7c4",
    "https://jsr.io/@std/fs/0.229.3/walk.ts": "a781cc224b7d75abc7da9d68f75f1edf5eb0cd150de509c5085c29c7c9e01bd9",
    "https://jsr.io/@std/internal/1.0.0/build_message.ts": "a1b181887c29c6a8873a3c9a9df012aef2490bd35ee21b80b03ea6b5b45ebbf7",
    "https://jsr.io/@std/internal/1.0.0/diff.ts": "3192d433fe4b84244d1fd09f7249cdd1d9c77efce504d36222e646eeb11631ba",
    "https://jsr.io/@std/internal/1.0.0/diff_str.ts": "018725050f280d66b5f6ae1f0d024c318ee205726076c7def91776ca14e4e428",
    "https://jsr.io/@std/internal/1.0.0/format.ts": "324c672198681fc1f61388e3bcaae63d623678bc996b79427b0046e1d5e8b544",
    "https://jsr.io/@std/internal/1.0.0/mod.ts": "924acbf4b6012a7ab679e51a8330cb09559850bc2abe0c5fe9cc9a30b7f54227",
    "https://jsr.io/@std/internal/1.0.0/styles.ts": "37b9a863c4e85fc701795a0c982eee9d7cb4660dade9823a632207d21b7a66a4",
    "https://jsr.io/@std/internal/1.0.0/types.ts": "606fb6fe832f6114779569659a61f02a2fa2f9b75cf7e7ee1ad4cfb176b1caf9",
    "https://jsr.io/@std/json/0.213.1/common.ts": "33f1a4f39a45e2f9f357823fd0b5cf88b63fb4784b8c9a28f8120f70a20b23e9",
    "https://jsr.io/@std/jsonc/0.213.1/mod.ts": "82722888823e1af5a8f7918bf810ea581f68081064d529218533acad6cb7c2bc",
    "https://jsr.io/@std/jsonc/0.213.1/parse.ts": "79316f011625bfbe9f59680790cf046e33841624995342868cc7c8b684327c1c",
    "https://jsr.io/@std/media-types/1.0.0/_db.ts": "69a5b3e1bbdb3e0ec57a6541f6802894f64aa035d4629768c6ac252c4fca04ea",
    "https://jsr.io/@std/media-types/1.0.0/_util.ts": "a351cc583523d47d42e65073d67c7a80575d1d1aaf8e72e6dfa5dbd986bbdb52",
    "https://jsr.io/@std/media-types/1.0.0/all_extensions.ts": "50c6eb85b821fbb3be4434a9110f8260e0f1a04a7a49201ff29cc15d6f1a1bb2",
    "https://jsr.io/@std/media-types/1.0.0/content_type.ts": "954d34b19c4a9ca72996f3a6f08cd7631e135d8258c827e8e497dd66d9600695",
    "https://jsr.io/@std/media-types/1.0.0/extension.ts": "bd7ab543702c8fe9bcd439dd672edbb45af03f6aa27f094531b3b5f6d627e30e",
    "https://jsr.io/@std/media-types/1.0.0/format_media_type.ts": "05c030c6b6cea3795f1a26f74b3535f82a8f46a174bac93073b96dc9f23c9c6d",
    "https://jsr.io/@std/media-types/1.0.0/get_charset.ts": "bfb156dcf7eb7b815a15491f509894dc4dc6c8b7fc7367c98f5521a3cb0e3d93",
    "https://jsr.io/@std/media-types/1.0.0/mod.ts": "2fc0bd52c2d9cd4ffd65ebf3e3ed44065d16b0473bb0dac47cfc282417f2351f",
    "https://jsr.io/@std/media-types/1.0.0/parse_media_type.ts": "a297380094a7b3450aa8040242e7b10ecbe256a92cfd10b1cb206f9b0ff6e4ed",
    "https://jsr.io/@std/media-types/1.0.0/type_by_extension.ts": "5f77642375016b4ecfec93032675d217cb17807c1d3a13958239607d5e0a8ea1",
    "https://jsr.io/@std/media-types/1.0.0/vendor/mime-db.v1.52.0.ts": "0218d2c7d900e8cd6fa4a866e0c387712af4af9a1bae55d6b2546c73d273a1e6",
    "https://jsr.io/@std/path/0.213.1/_common/assert_path.ts": "2ca275f36ac1788b2acb60fb2b79cb06027198bc2ba6fb7e163efaedde98c297",
    "https://jsr.io/@std/path/0.213.1/_common/basename.ts": "569744855bc8445f3a56087fd2aed56bdad39da971a8d92b138c9913aecc5fa2",
    "https://jsr.io/@std/path/0.213.1/_common/common.ts": "6157c7ec1f4db2b4a9a187efd6ce76dcaf1e61cfd49f87e40d4ea102818df031",
    "https://jsr.io/@std/path/0.213.1/_common/constants.ts": "dc5f8057159f4b48cd304eb3027e42f1148cf4df1fb4240774d3492b5d12ac0c",
    "https://jsr.io/@std/path/0.213.1/_common/dirname.ts": "684df4aa71a04bbcc346c692c8485594fc8a90b9408dfbc26ff32cf3e0c98cc8",
    "https://jsr.io/@std/path/0.213.1/_common/format.ts": "92500e91ea5de21c97f5fe91e178bae62af524b72d5fcd246d6d60ae4bcada8b",
    "https://jsr.io/@std/path/0.213.1/_common/from_file_url.ts": "d672bdeebc11bf80e99bf266f886c70963107bdd31134c4e249eef51133ceccf",
    "https://jsr.io/@std/path/0.213.1/_common/glob_to_reg_exp.ts": "2007aa87bed6eb2c8ae8381adcc3125027543d9ec347713c1ad2c68427330770",
    "https://jsr.io/@std/path/0.213.1/_common/normalize.ts": "684df4aa71a04bbcc346c692c8485594fc8a90b9408dfbc26ff32cf3e0c98cc8",
    "https://jsr.io/@std/path/0.213.1/_common/normalize_string.ts": "dfdf657a1b1a7db7999f7c575ee7e6b0551d9c20f19486c6c3f5ff428384c965",
    "https://jsr.io/@std/path/0.213.1/_common/relative.ts": "faa2753d9b32320ed4ada0733261e3357c186e5705678d9dd08b97527deae607",
    "https://jsr.io/@std/path/0.213.1/_common/strip_trailing_separators.ts": "7024a93447efcdcfeaa9339a98fa63ef9d53de363f1fbe9858970f1bba02655a",
    "https://jsr.io/@std/path/0.213.1/_common/to_file_url.ts": "7f76adbc83ece1bba173e6e98a27c647712cab773d3f8cbe0398b74afc817883",
    "https://jsr.io/@std/path/0.213.1/_interface.ts": "a1419fcf45c0ceb8acdccc94394e3e94f99e18cfd32d509aab514c8841799600",
    "https://jsr.io/@std/path/0.213.1/_os.ts": "8fb9b90fb6b753bd8c77cfd8a33c2ff6c5f5bc185f50de8ca4ac6a05710b2c15",
    "https://jsr.io/@std/path/0.213.1/basename.ts": "5d341aadb7ada266e2280561692c165771d071c98746fcb66da928870cd47668",
    "https://jsr.io/@std/path/0.213.1/common.ts": "4c80da2ee5563eb31f87cf7d21879db90d614a3fae83358670625e4b90342745",
    "https://jsr.io/@std/path/0.213.1/constants.ts": "0c206169ca104938ede9da48ac952de288f23343304a1c3cb6ec7625e7325f36",
    "https://jsr.io/@std/path/0.213.1/dirname.ts": "85bd955bf31d62c9aafdd7ff561c4b5fb587d11a9a5a45e2b01aedffa4238a7c",
    "https://jsr.io/@std/path/0.213.1/extname.ts": "593303db8ae8c865cbd9ceec6e55d4b9ac5410c1e276bfd3131916591b954441",
    "https://jsr.io/@std/path/0.213.1/format.ts": "98fad25f1af7b96a48efb5b67378fcc8ed77be895df8b9c733b86411632162af",
    "https://jsr.io/@std/path/0.213.1/from_file_url.ts": "7c87244ca07e4065cb024016b03d012facb856cc7aed089d9b6f1e4ea6152316",
    "https://jsr.io/@std/path/0.213.1/glob_to_regexp.ts": "83c5fd36a8c86f5e72df9d0f45317f9546afa2ce39acaafe079d43a865aced08",
    "https://jsr.io/@std/path/0.213.1/is_absolute.ts": "4791afc8bfd0c87f0526eaa616b0d16e7b3ab6a65b62942e50eac68de4ef67d7",
    "https://jsr.io/@std/path/0.213.1/is_glob.ts": "a65f6195d3058c3050ab905705891b412ff942a292bcbaa1a807a74439a14141",
    "https://jsr.io/@std/path/0.213.1/join.ts": "ae2ec5ca44c7e84a235fd532e4a0116bfb1f2368b394db1c4fb75e3c0f26a33a",
    "https://jsr.io/@std/path/0.213.1/join_globs.ts": "e9589869a33dc3982101898ee50903db918ca00ad2614dbe3934d597d7b1fbea",
    "https://jsr.io/@std/path/0.213.1/mod.ts": "8a61b81dd91a8cca0326bf0011db8d227b23b982dd4647fb119674594e29e544",
    "https://jsr.io/@std/path/0.213.1/normalize.ts": "4155743ccceeed319b350c1e62e931600272fad8ad00c417b91df093867a8352",
    "https://jsr.io/@std/path/0.213.1/normalize_glob.ts": "98ee8268fad271193603271c203ae973280b5abfbdd2cbca1053fd2af71869ca",
    "https://jsr.io/@std/path/0.213.1/parse.ts": "65e8e285f1a63b714e19ef24b68f56e76934c3df0b6e65fd440d3991f4f8aefb",
    "https://jsr.io/@std/path/0.213.1/posix/_util.ts": "1e3937da30f080bfc99fe45d7ed23c47dd8585c5e473b2d771380d3a6937cf9d",
    "https://jsr.io/@std/path/0.213.1/posix/basename.ts": "265d3360c49c1af372a10891518b785fc2ae138f019892c89642e1f1c523b2dc",
    "https://jsr.io/@std/path/0.213.1/posix/common.ts": "4c896e6e9357f33c3ffe027cb13cb2ccf5dbe3575604b43c195befffb0f40b2b",
    "https://jsr.io/@std/path/0.213.1/posix/constants.ts": "93481efb98cdffa4c719c22a0182b994e5a6aed3047e1962f6c2c75b7592bef1",
    "https://jsr.io/@std/path/0.213.1/posix/dirname.ts": "ecdaeec17d5fdd00da89bb05962e209c7aa41ad4967279bc8662c0bb3a243b2f",
    "https://jsr.io/@std/path/0.213.1/posix/extname.ts": "b1400d9d0ac2160accda327790c93daa4ee8325b87f4c4d9b21887e7c8fd73db",
    "https://jsr.io/@std/path/0.213.1/posix/format.ts": "47318e54ac8cd2e9c35ef2a143d02c198ce093e31f9789b6ecb95cbc60fec71b",
    "https://jsr.io/@std/path/0.213.1/posix/from_file_url.ts": "dc4a092de0d117d94bfd54390b4bc360ea1c68d4a1e42d2ea94d6fe75b483c37",
    "https://jsr.io/@std/path/0.213.1/posix/glob_to_regexp.ts": "4db789540039ea4c75f1ba8182c43fc2965a019df3c26a825945642452e8bf75",
    "https://jsr.io/@std/path/0.213.1/posix/is_absolute.ts": "e7147b25e786abb51dd888eca89d2fd3770c41e6bd556d19db26cca348fb78a4",
    "https://jsr.io/@std/path/0.213.1/posix/is_glob.ts": "135ac8b1e647f673ea650fb713e2d9c42d0108c29cae3a2b77399fec0dae8864",
    "https://jsr.io/@std/path/0.213.1/posix/join.ts": "1bbf0d9303160d4b9be76161d0ef73d67198cf7bf66e84d88eb560abc492070f",
    "https://jsr.io/@std/path/0.213.1/posix/join_globs.ts": "3d77c1a2e29997f6d993105b5f5e8e89a280320a3e0e3df7e6b912506d69103f",
    "https://jsr.io/@std/path/0.213.1/posix/mod.ts": "c9d57eb43df561742cf545816a7d6e1382680425de245588197bbf3d325931ad",
    "https://jsr.io/@std/path/0.213.1/posix/normalize.ts": "9b9f666159c0e5ee3df292cf56555547b1be4cd3ca54da6a263a3074b8e44964",
    "https://jsr.io/@std/path/0.213.1/posix/normalize_glob.ts": "c1b8a6f001d7cad1a6c8eefb4d7f7a027d3a7bc7a0c91c6e08222f4cbac6105f",
    "https://jsr.io/@std/path/0.213.1/posix/parse.ts": "96aad4733eb1091db6b3de423f23c25a2ac3e3a5b29b35c3ee808b123eef73e5",
    "https://jsr.io/@std/path/0.213.1/posix/relative.ts": "f0617bf5614ac45462d71d8d03a5bbe3db9f5aaadc9e470a560013d0416d4cc0",
    "https://jsr.io/@std/path/0.213.1/posix/resolve.ts": "00f39f36478ad11b64604ad9b508b137a930aae2423e757ba53ec5f11a919ee1",
    "https://jsr.io/@std/path/0.213.1/posix/separator.ts": "c9ecae5c843170118156ac5d12dc53e9caf6a1a4c96fc8b1a0ab02dff5c847b0",
    "https://jsr.io/@std/path/0.213.1/posix/to_file_url.ts": "e1c2f7b256100610ae85a443f89404f4b5d730d882c388a76b8e4fa1ecfc5ac7",
    "https://jsr.io/@std/path/0.213.1/posix/to_namespaced_path.ts": "28b216b3c76f892a4dca9734ff1cc0045d135532bfd9c435ae4858bfa5a2ebf0",
    "https://jsr.io/@std/path/0.213.1/relative.ts": "ab739d727180ed8727e34ed71d976912461d98e2b76de3d3de834c1066667add",
    "https://jsr.io/@std/path/0.213.1/resolve.ts": "a6f977bdb4272e79d8d0ed4333e3d71367cc3926acf15ac271f1d059c8494d8d",
    "https://jsr.io/@std/path/0.213.1/separator.ts": "c6c890507f944a1f5cb7d53b8d638d6ce3cf0f34609c8d84a10c1eaa400b77a9",
    "https://jsr.io/@std/path/0.213.1/to_file_url.ts": "ce1a439e03377882e58f06ef43ef2259d483bab235d1eb727f1637b0a6bd7070",
    "https://jsr.io/@std/path/0.213.1/to_namespaced_path.ts": "b706a4103b104cfadc09600a5f838c2ba94dbcdb642344557122dda444526e40",
    "https://jsr.io/@std/path/0.213.1/windows/_util.ts": "d5f47363e5293fced22c984550d5e70e98e266cc3f31769e1710511803d04808",
    "https://jsr.io/@std/path/0.213.1/windows/basename.ts": "20179a24e3b4a8d5d957f0b6c5515d1d05c47c7e5824d595844f3ff5558e6e5b",
    "https://jsr.io/@std/path/0.213.1/windows/common.ts": "4c896e6e9357f33c3ffe027cb13cb2ccf5dbe3575604b43c195befffb0f40b2b",
    "https://jsr.io/@std/path/0.213.1/windows/constants.ts": "5afaac0a1f67b68b0a380a4ef391bf59feb55856aa8c60dfc01bd3b6abb813f5",
    "https://jsr.io/@std/path/0.213.1/windows/dirname.ts": "f5aee3cff1830aa804bee6b947c51a667dfc713b339923d884e590cffdf5d8e0",
    "https://jsr.io/@std/path/0.213.1/windows/extname.ts": "297ff46e51d75b97d4096cf5664471dca65b529f557c2e6e08aec3f2441767bf",
    "https://jsr.io/@std/path/0.213.1/windows/format.ts": "8986f9e9b1cd48b404aa7c3873bfb976a9af08eeb40a58f1001a8d887d0dfe14",
    "https://jsr.io/@std/path/0.213.1/windows/from_file_url.ts": "d67e4c8e7453597bf8071da6a995d6c9ad41f3c30192dc6494a25beb14647ff7",
    "https://jsr.io/@std/path/0.213.1/windows/glob_to_regexp.ts": "5a9251ea357ec619f8b370a87e3ec010f36ceb9a0112973b6a1122684b72ccdb",
    "https://jsr.io/@std/path/0.213.1/windows/is_absolute.ts": "d3534d9fd5680d4c6895bbb59193335e5753cdef875f095297be66eb96f2f530",
    "https://jsr.io/@std/path/0.213.1/windows/is_glob.ts": "135ac8b1e647f673ea650fb713e2d9c42d0108c29cae3a2b77399fec0dae8864",
    "https://jsr.io/@std/path/0.213.1/windows/join.ts": "a62e4f0cc65e0f6f2b033f5df3b11e0b51362aef2e1fb7c9aef2b299ac224810",
    "https://jsr.io/@std/path/0.213.1/windows/join_globs.ts": "3d77c1a2e29997f6d993105b5f5e8e89a280320a3e0e3df7e6b912506d69103f",
    "https://jsr.io/@std/path/0.213.1/windows/mod.ts": "8b483812e8f38abcbf5aad4352409e7828d9ef9ecd4aa0a241fbeb0f8ba7a890",
    "https://jsr.io/@std/path/0.213.1/windows/normalize.ts": "f5d8b971161eff7b4f8e45c7520cbb0c6553ccff7c4b3ced2dfe0d6ad46a2328",
    "https://jsr.io/@std/path/0.213.1/windows/normalize_glob.ts": "c37afcaf52f2ce977f52a2b7820cad7e1fb7b9651df1fe130dda52401ae12263",
    "https://jsr.io/@std/path/0.213.1/windows/parse.ts": "c63488c9d581576f955eaa8c4ab09c165b8d922ec3911b302c31331c8303973f",
    "https://jsr.io/@std/path/0.213.1/windows/relative.ts": "366eb25bd3469433e47dd4cac52d03048d5e27e8a89e059217065d3afa4e7e71",
    "https://jsr.io/@std/path/0.213.1/windows/resolve.ts": "671e70d150bd933832ffcf02e97572fdfbb8ed199082bdabdf4e92d3e898636e",
    "https://jsr.io/@std/path/0.213.1/windows/separator.ts": "e51c5522140eff4f8402617c5c68a201fdfa3a1a8b28dc23587cff931b665e43",
    "https://jsr.io/@std/path/0.213.1/windows/to_file_url.ts": "cdead9ba8f1e4062c3c45a7c9fa6384e209b734526b4c6ab36ce2f17339367f5",
    "https://jsr.io/@std/path/0.213.1/windows/to_namespaced_path.ts": "96dd0d55d484905e06553fd7d5feb6b3e4c0c99c337fda4199b6c32bce44833a",
    "https://jsr.io/@std/path/0.225.2/_common/assert_path.ts": "dbdd757a465b690b2cc72fc5fb7698c51507dec6bfafce4ca500c46b76ff7bd8",
    "https://jsr.io/@std/path/0.225.2/_common/basename.ts": "569744855bc8445f3a56087fd2aed56bdad39da971a8d92b138c9913aecc5fa2",
    "https://jsr.io/@std/path/0.225.2/_common/common.ts": "ef73c2860694775fe8ffcbcdd387f9f97c7a656febf0daa8c73b56f4d8a7bd4c",
    "https://jsr.io/@std/path/0.225.2/_common/constants.ts": "dc5f8057159f4b48cd304eb3027e42f1148cf4df1fb4240774d3492b5d12ac0c",
    "https://jsr.io/@std/path/0.225.2/_common/dirname.ts": "684df4aa71a04bbcc346c692c8485594fc8a90b9408dfbc26ff32cf3e0c98cc8",
    "https://jsr.io/@std/path/0.225.2/_common/format.ts": "92500e91ea5de21c97f5fe91e178bae62af524b72d5fcd246d6d60ae4bcada8b",
    "https://jsr.io/@std/path/0.225.2/_common/from_file_url.ts": "d672bdeebc11bf80e99bf266f886c70963107bdd31134c4e249eef51133ceccf",
    "https://jsr.io/@std/path/0.225.2/_common/glob_to_reg_exp.ts": "3af7c4e886bf09982aea2f4e6970969ab429eb30bfee85d0346e3ac1b3fddb50",
    "https://jsr.io/@std/path/0.225.2/_common/normalize.ts": "684df4aa71a04bbcc346c692c8485594fc8a90b9408dfbc26ff32cf3e0c98cc8",
    "https://jsr.io/@std/path/0.225.2/_common/normalize_string.ts": "33edef773c2a8e242761f731adeb2bd6d683e9c69e4e3d0092985bede74f4ac3",
    "https://jsr.io/@std/path/0.225.2/_common/relative.ts": "faa2753d9b32320ed4ada0733261e3357c186e5705678d9dd08b97527deae607",
    "https://jsr.io/@std/path/0.225.2/_common/strip_trailing_separators.ts": "7024a93447efcdcfeaa9339a98fa63ef9d53de363f1fbe9858970f1bba02655a",
    "https://jsr.io/@std/path/0.225.2/_common/to_file_url.ts": "7f76adbc83ece1bba173e6e98a27c647712cab773d3f8cbe0398b74afc817883",
    "https://jsr.io/@std/path/0.225.2/_interface.ts": "773c68821c292c9519edbbd3729bf266798f2359aa8a457e0456380c03a27d26",
    "https://jsr.io/@std/path/0.225.2/_os.ts": "9231680ad60e2450f8a749061f684330fb6a70be7d4d17827ef84a414042478e",
    "https://jsr.io/@std/path/0.225.2/basename.ts": "314d6d5ba819e82e6d38a264ad3d9b62db359d35e2dbcb65f51aa0312ac2a54e",
    "https://jsr.io/@std/path/0.225.2/common.ts": "1e16e7dc7a3d93edb88494464976e71f04b97b6a8b30d11889a332992c29612b",
    "https://jsr.io/@std/path/0.225.2/constants.ts": "7470d589dfd85337d09cc8806e19b257ee4f4b040503a17c3e5c708495fb252f",
    "https://jsr.io/@std/path/0.225.2/dirname.ts": "48c71983c056e49144dc4293712bb6242a4ea6193479f263a47009003b6f0274",
    "https://jsr.io/@std/path/0.225.2/extname.ts": "045539cd1a3524da8b238b19f9d5a45e95121df8942084beb67e7dd702c3a5c1",
    "https://jsr.io/@std/path/0.225.2/format.ts": "944578e9df43e15a5c17e80222796d8762de4ba04a2b085356aad5a115ea0f12",
    "https://jsr.io/@std/path/0.225.2/from_file_url.ts": "db6ab58d3f6f21243bccef36bc886c2590b360023bca4b4b8add1f8a9d446391",
    "https://jsr.io/@std/path/0.225.2/glob_to_regexp.ts": "34a56ebbc53a3a6494561bb2d8193de4d21e2259a1ca49d912489c656dbc1a5c",
    "https://jsr.io/@std/path/0.225.2/is_absolute.ts": "a24aeb130f2f20a82e91d9f4a65e339e28bc1125d89833ffbdfda358f0f1118b",
    "https://jsr.io/@std/path/0.225.2/is_glob.ts": "b9a6e041dee33fceaefb73fcb8ac32dd99dd1194937117777b283e1d154b0375",
    "https://jsr.io/@std/path/0.225.2/join.ts": "78015b504eda11ba98b8825bcd0f3c5f9361668fd5e64160a0f509069c01e31a",
    "https://jsr.io/@std/path/0.225.2/join_globs.ts": "863cb2798c3fbf7b1d974e7b3f2a15acc2f2f8180ac0ae3793eecbd89f2296b0",
    "https://jsr.io/@std/path/0.225.2/mod.ts": "9af900f6a6ccdadd43b1bc4b635bd63dd4dff3e354fd32040aec6a531a4d9d6a",
    "https://jsr.io/@std/path/0.225.2/normalize.ts": "097958ce0ea33bf3bb20c4ca4a8579150a7b686995f1058d048ec6ab4a040efd",
    "https://jsr.io/@std/path/0.225.2/normalize_glob.ts": "d22892c4018ce38ab060d34f76818215c6b0421fea8d7d102a5f7be5050da118",
    "https://jsr.io/@std/path/0.225.2/parse.ts": "b9c50bd8c576522c237ffe5143b50dc10fb13505a3f08ca64b385aee981c8662",
    "https://jsr.io/@std/path/0.225.2/posix/_util.ts": "1e3937da30f080bfc99fe45d7ed23c47dd8585c5e473b2d771380d3a6937cf9d",
    "https://jsr.io/@std/path/0.225.2/posix/basename.ts": "f751ba1de3a9d4ef1bc815fba1a456f49b79f5c2588a96207cb17ead8671ad89",
    "https://jsr.io/@std/path/0.225.2/posix/common.ts": "0b6d8ee15a8ad40a5a113afd04a094b9993500ccedd7d8f4ef0300cce7a6abda",
    "https://jsr.io/@std/path/0.225.2/posix/constants.ts": "f83bf8eae5a94941001d2af567d573a4ad93c0df46a5e183e2268cb19f42779f",
    "https://jsr.io/@std/path/0.225.2/posix/dirname.ts": "ea5a4b797733c1b5fa1e856e35804185d5d1c7f372f12278543b195b3a6daa21",
    "https://jsr.io/@std/path/0.225.2/posix/extname.ts": "85479d8429a763f816ccb0f3e79006abb2f781ce6c32974c9213f199a8cf35c7",
    "https://jsr.io/@std/path/0.225.2/posix/format.ts": "2e57615c8f3c9a19acb6e59fdac4817880d724c22b4c21d9a5aea24884615bf5",
    "https://jsr.io/@std/path/0.225.2/posix/from_file_url.ts": "45fa783b383b52e94eabe2f021c557f67f4005e8df3f7a180a95e893d63b9de6",
    "https://jsr.io/@std/path/0.225.2/posix/glob_to_regexp.ts": "9ce969465ba6802e7970b0b0b1aa9dd0373d28811fc63f5e0ead75de603fb2e5",
    "https://jsr.io/@std/path/0.225.2/posix/is_absolute.ts": "f83938688175373503e6aafde89fd1841e1d05d193b3673b627cb8a5939865e2",
    "https://jsr.io/@std/path/0.225.2/posix/is_glob.ts": "8a8b08c08bf731acf2c1232218f1f45a11131bc01de81e5f803450a5914434b9",
    "https://jsr.io/@std/path/0.225.2/posix/join.ts": "d8e770a481106f721d4b4f414d854f91fc830e454390fbc7f01f8b9cd967890a",
    "https://jsr.io/@std/path/0.225.2/posix/join_globs.ts": "6b8cf068c28069051df8f61dc678dbce286f2ae0b3cec0ece95a2a6e08b7edc4",
    "https://jsr.io/@std/path/0.225.2/posix/mod.ts": "4034500a8f6d0ac110e109eb37ad460640a80e048fda5d0046e3f0750229e421",
    "https://jsr.io/@std/path/0.225.2/posix/normalize.ts": "6cc16bbbda1e4725293d262b0f45a5bdeca5e6a340ca0e4c41b0990e8d2a3247",
    "https://jsr.io/@std/path/0.225.2/posix/normalize_glob.ts": "9a16fc3ff146f19063be562defa15f7edd702ce68fc5457464bf4b70bd38a38a",
    "https://jsr.io/@std/path/0.225.2/posix/parse.ts": "95b078b02413104d66d896424f0798f33799d60e779fc971c4d1c0f190095c2e",
    "https://jsr.io/@std/path/0.225.2/posix/relative.ts": "7036670119f464d92968472e36d5747a23e9d766ab97e2dab674dfc05e6e3252",
    "https://jsr.io/@std/path/0.225.2/posix/resolve.ts": "004743b759e1261b156f1c6dba92b07b0e3cd009871f7daaa6ae7b441e9381ca",
    "https://jsr.io/@std/path/0.225.2/posix/to_file_url.ts": "4542cad3a8e2d2c012014f41a587acc9af6ef22028dd855800296f829883166c",
    "https://jsr.io/@std/path/0.225.2/posix/to_namespaced_path.ts": "308c7c89f89f8629d1dc01f246d613822cdf7c53f65a136a29f4fb74edb3055f",
    "https://jsr.io/@std/path/0.225.2/relative.ts": "fda9674a5f574a737cfbd802c5f4953e9b2e3fc891b8a069ad9290c95a354bdd",
    "https://jsr.io/@std/path/0.225.2/resolve.ts": "81b1f569a37e11524474b2ce96d65c7085e942e3ff246d63a93ed9b8bbe4b92f",
    "https://jsr.io/@std/path/0.225.2/to_file_url.ts": "a65ea106a145f76452dd859e46932020acbd26290828e90992848aa010d1f3a0",
    "https://jsr.io/@std/path/0.225.2/to_namespaced_path.ts": "c10ce85fa8d0938d71f08aae2f070297731911be8cd145801ebca23daf05acd1",
    "https://jsr.io/@std/path/0.225.2/windows/_util.ts": "d5f47363e5293fced22c984550d5e70e98e266cc3f31769e1710511803d04808",
    "https://jsr.io/@std/path/0.225.2/windows/basename.ts": "a54208a346ae1e246432313357a4672954e222fba76af8c7121d841572c13a4d",
    "https://jsr.io/@std/path/0.225.2/windows/common.ts": "1f1d78a0631b4fd5f211e94bdc9f0527353c53ec6badeffb64e1f8992faf307e",
    "https://jsr.io/@std/path/0.225.2/windows/constants.ts": "ae2131fb3fe0ddccfef82a9773bbbe625819b11ab30c32a3eb2c376731d86e83",
    "https://jsr.io/@std/path/0.225.2/windows/dirname.ts": "9bc6b2300c524b6ac3203adbd2e560daaa943960c6b93926487fa5bc1bce0d33",
    "https://jsr.io/@std/path/0.225.2/windows/extname.ts": "6daa6f33e152a8591652ffb58a2cc4414965415211f27cc16aa091668e113f50",
    "https://jsr.io/@std/path/0.225.2/windows/format.ts": "51deb249975b310b9a3b6e57909cf87af2057568b78b4a2c2feba5f52c985167",
    "https://jsr.io/@std/path/0.225.2/windows/from_file_url.ts": "4494a4c406ad0f0d738d70827f3ac580714bf7ac19712d9b0b454482cfe73b4c",
    "https://jsr.io/@std/path/0.225.2/windows/glob_to_regexp.ts": "e3b83245bbfde2a13fc6588637443f6fdb1f49e4cb10c6bdaa35e102f774203f",
    "https://jsr.io/@std/path/0.225.2/windows/is_absolute.ts": "2eb65e7b5024090696fd9a34720e9cac3be1fa9d2f67542389753e02040df2ad",
    "https://jsr.io/@std/path/0.225.2/windows/is_glob.ts": "8a8b08c08bf731acf2c1232218f1f45a11131bc01de81e5f803450a5914434b9",
    "https://jsr.io/@std/path/0.225.2/windows/join.ts": "e2953882b173db0bd820da780bbad5ae516e9a302a128cb6876c5b56445cc440",
    "https://jsr.io/@std/path/0.225.2/windows/join_globs.ts": "af4802c0b4c48ab98990ad7becb72cd24bf199605fac60fa0b6532cddc658efb",
    "https://jsr.io/@std/path/0.225.2/windows/mod.ts": "e53334bce278f590ff1ce13b3f63dbdd495ed5a788ff0311e45a3513e807d242",
    "https://jsr.io/@std/path/0.225.2/windows/normalize.ts": "57fc3a6939d09552692776477c053f0dc3b03777d85c1199c8bccd29e89ebcc4",
    "https://jsr.io/@std/path/0.225.2/windows/normalize_glob.ts": "08641fde35b0e5a0027521c438bdb9b10a9c571b9d35b5805a849fc977838645",
    "https://jsr.io/@std/path/0.225.2/windows/parse.ts": "e4922cbe07945e56755cbf0ad8742733702f608919eed62559005cdfeb3321a6",
    "https://jsr.io/@std/path/0.225.2/windows/relative.ts": "ddc4bcb53f3113c0f9b56fa4e8ab7a70e680b094bc7716385c1c6cd5c146c69d",
    "https://jsr.io/@std/path/0.225.2/windows/resolve.ts": "e208190d56c3b7dd59a6f761d9ef3d06ae6bd8ac73d57f59ca1d8c9321def574",
    "https://jsr.io/@std/path/0.225.2/windows/to_file_url.ts": "371ce87d80fc078183ced36da024b88014bb6641cf6fbe768c6ed867fb776fc1",
    "https://jsr.io/@std/path/0.225.2/windows/to_namespaced_path.ts": "4eab77a0053b6c65593020d208494e671474d2c084a236f97f8cfd8be9267bba",
    "https://jsr.io/@std/path/1.0.0-rc.1/_common/assert_path.ts": "dbdd757a465b690b2cc72fc5fb7698c51507dec6bfafce4ca500c46b76ff7bd8",
    "https://jsr.io/@std/path/1.0.0-rc.1/_common/basename.ts": "569744855bc8445f3a56087fd2aed56bdad39da971a8d92b138c9913aecc5fa2",
    "https://jsr.io/@std/path/1.0.0-rc.1/_common/constants.ts": "dc5f8057159f4b48cd304eb3027e42f1148cf4df1fb4240774d3492b5d12ac0c",
    "https://jsr.io/@std/path/1.0.0-rc.1/_common/dirname.ts": "684df4aa71a04bbcc346c692c8485594fc8a90b9408dfbc26ff32cf3e0c98cc8",
    "https://jsr.io/@std/path/1.0.0-rc.1/_common/from_file_url.ts": "d672bdeebc11bf80e99bf266f886c70963107bdd31134c4e249eef51133ceccf",
    "https://jsr.io/@std/path/1.0.0-rc.1/_common/glob_to_reg_exp.ts": "3af7c4e886bf09982aea2f4e6970969ab429eb30bfee85d0346e3ac1b3fddb50",
    "https://jsr.io/@std/path/1.0.0-rc.1/_common/normalize.ts": "684df4aa71a04bbcc346c692c8485594fc8a90b9408dfbc26ff32cf3e0c98cc8",
    "https://jsr.io/@std/path/1.0.0-rc.1/_common/normalize_string.ts": "33edef773c2a8e242761f731adeb2bd6d683e9c69e4e3d0092985bede74f4ac3",
    "https://jsr.io/@std/path/1.0.0-rc.1/_common/strip_trailing_separators.ts": "7024a93447efcdcfeaa9339a98fa63ef9d53de363f1fbe9858970f1bba02655a",
    "https://jsr.io/@std/path/1.0.0-rc.1/_os.ts": "6b971daa9af71f93b6710a77ed561d272fcec8f46c5478ba10f5e405a0577d6c",
    "https://jsr.io/@std/path/1.0.0-rc.1/basename.ts": "314d6d5ba819e82e6d38a264ad3d9b62db359d35e2dbcb65f51aa0312ac2a54e",
    "https://jsr.io/@std/path/1.0.0-rc.1/constants.ts": "7470d589dfd85337d09cc8806e19b257ee4f4b040503a17c3e5c708495fb252f",
    "https://jsr.io/@std/path/1.0.0-rc.1/dirname.ts": "2755c80fde36876c4242c7ba059c9f9224b803dcb8e575befc0baf67aa46cd18",
    "https://jsr.io/@std/path/1.0.0-rc.1/from_file_url.ts": "db6ab58d3f6f21243bccef36bc886c2590b360023bca4b4b8add1f8a9d446391",
    "https://jsr.io/@std/path/1.0.0-rc.1/glob_to_regexp.ts": "43561555286567459a4599bf9e620794c8e2a96709bc2c042aa1c487aaef7857",
    "https://jsr.io/@std/path/1.0.0-rc.1/is_absolute.ts": "a24aeb130f2f20a82e91d9f4a65e339e28bc1125d89833ffbdfda358f0f1118b",
    "https://jsr.io/@std/path/1.0.0-rc.1/is_glob.ts": "b9a6e041dee33fceaefb73fcb8ac32dd99dd1194937117777b283e1d154b0375",
    "https://jsr.io/@std/path/1.0.0-rc.1/join.ts": "f2d8d8db2ea5bc7b22682ce80667ea8c35caa6f7e0579597713e6d809e203a67",
    "https://jsr.io/@std/path/1.0.0-rc.1/join_globs.ts": "863cb2798c3fbf7b1d974e7b3f2a15acc2f2f8180ac0ae3793eecbd89f2296b0",
    "https://jsr.io/@std/path/1.0.0-rc.1/normalize.ts": "b780dddf7c3df1ae99108b11ae5d313b02f006707d13cf96842c9944bfa18b16",
    "https://jsr.io/@std/path/1.0.0-rc.1/posix/_util.ts": "1e3937da30f080bfc99fe45d7ed23c47dd8585c5e473b2d771380d3a6937cf9d",
    "https://jsr.io/@std/path/1.0.0-rc.1/posix/basename.ts": "f751ba1de3a9d4ef1bc815fba1a456f49b79f5c2588a96207cb17ead8671ad89",
    "https://jsr.io/@std/path/1.0.0-rc.1/posix/constants.ts": "f83bf8eae5a94941001d2af567d573a4ad93c0df46a5e183e2268cb19f42779f",
    "https://jsr.io/@std/path/1.0.0-rc.1/posix/dirname.ts": "ea5a4b797733c1b5fa1e856e35804185d5d1c7f372f12278543b195b3a6daa21",
    "https://jsr.io/@std/path/1.0.0-rc.1/posix/from_file_url.ts": "45fa783b383b52e94eabe2f021c557f67f4005e8df3f7a180a95e893d63b9de6",
    "https://jsr.io/@std/path/1.0.0-rc.1/posix/glob_to_regexp.ts": "9ce969465ba6802e7970b0b0b1aa9dd0373d28811fc63f5e0ead75de603fb2e5",
    "https://jsr.io/@std/path/1.0.0-rc.1/posix/is_absolute.ts": "f83938688175373503e6aafde89fd1841e1d05d193b3673b627cb8a5939865e2",
    "https://jsr.io/@std/path/1.0.0-rc.1/posix/join.ts": "f8b3db7f8b5abe9ea01a20b1b8d30442c9eaf3020d7c33a668b31d5be87a53c6",
    "https://jsr.io/@std/path/1.0.0-rc.1/posix/join_globs.ts": "6b8cf068c28069051df8f61dc678dbce286f2ae0b3cec0ece95a2a6e08b7edc4",
    "https://jsr.io/@std/path/1.0.0-rc.1/posix/normalize.ts": "6cc16bbbda1e4725293d262b0f45a5bdeca5e6a340ca0e4c41b0990e8d2a3247",
    "https://jsr.io/@std/path/1.0.0-rc.1/posix/normalize_glob.ts": "9a16fc3ff146f19063be562defa15f7edd702ce68fc5457464bf4b70bd38a38a",
    "https://jsr.io/@std/path/1.0.0-rc.1/posix/resolve.ts": "004743b759e1261b156f1c6dba92b07b0e3cd009871f7daaa6ae7b441e9381ca",
    "https://jsr.io/@std/path/1.0.0-rc.1/resolve.ts": "81b1f569a37e11524474b2ce96d65c7085e942e3ff246d63a93ed9b8bbe4b92f",
    "https://jsr.io/@std/path/1.0.0-rc.1/windows/_util.ts": "d5f47363e5293fced22c984550d5e70e98e266cc3f31769e1710511803d04808",
    "https://jsr.io/@std/path/1.0.0-rc.1/windows/basename.ts": "a54208a346ae1e246432313357a4672954e222fba76af8c7121d841572c13a4d",
    "https://jsr.io/@std/path/1.0.0-rc.1/windows/constants.ts": "ae2131fb3fe0ddccfef82a9773bbbe625819b11ab30c32a3eb2c376731d86e83",
    "https://jsr.io/@std/path/1.0.0-rc.1/windows/dirname.ts": "9bc6b2300c524b6ac3203adbd2e560daaa943960c6b93926487fa5bc1bce0d33",
    "https://jsr.io/@std/path/1.0.0-rc.1/windows/from_file_url.ts": "4494a4c406ad0f0d738d70827f3ac580714bf7ac19712d9b0b454482cfe73b4c",
    "https://jsr.io/@std/path/1.0.0-rc.1/windows/glob_to_regexp.ts": "e3b83245bbfde2a13fc6588637443f6fdb1f49e4cb10c6bdaa35e102f774203f",
    "https://jsr.io/@std/path/1.0.0-rc.1/windows/is_absolute.ts": "2eb65e7b5024090696fd9a34720e9cac3be1fa9d2f67542389753e02040df2ad",
    "https://jsr.io/@std/path/1.0.0-rc.1/windows/join.ts": "894b1d81c6f3a8c728a7d34026d56496cfa4c2ce27b11c64d38978da2108fa6b",
    "https://jsr.io/@std/path/1.0.0-rc.1/windows/join_globs.ts": "af4802c0b4c48ab98990ad7becb72cd24bf199605fac60fa0b6532cddc658efb",
    "https://jsr.io/@std/path/1.0.0-rc.1/windows/normalize.ts": "bf829422b5defada3a5f1e80e65c37e9379830cc1ab93fd2cce4559686f0eb59",
    "https://jsr.io/@std/path/1.0.0-rc.1/windows/normalize_glob.ts": "08641fde35b0e5a0027521c438bdb9b10a9c571b9d35b5805a849fc977838645",
    "https://jsr.io/@std/path/1.0.0-rc.1/windows/resolve.ts": "e208190d56c3b7dd59a6f761d9ef3d06ae6bd8ac73d57f59ca1d8c9321def574"
  }
}
